
Microsoft Visual Studio Solution File, Format Version 12.00
# Visual Studio 14
VisualStudioVersion = 14.0.24720.0
MinimumVisualStudioVersion = 10.0.40219.1
Project("{FAE04EC0-301F-11D3-BF4B-00C04F79EFBC}") = "ComicWorm", "ComicWorm\ComicWorm.csproj", "{D2240DDE-8D1D-4E42-8924-3FC9EED9A399}"
EndProject
Project("{FAE04EC0-301F-11D3-BF4B-00C04F79EFBC}") = "ComicWormCore", "ComicWormCore\ComicWormCore.csproj", "{51E482B0-E834-48E7-86C8-56E5DCDDE2CD}"
EndProject
Project("{FAE04EC0-301F-11D3-BF4B-00C04F79EFBC}") = "AnalysisModels", "AnalysisModels\AnalysisModels.csproj", "{429BAFC8-F897-40E7-AE62-296E2945354E}"
EndProject
Project("{FAE04EC0-301F-11D3-BF4B-00C04F79EFBC}") = "ComicModels", "ComicModels\ComicModels.csproj", "{FC6D7860-D63A-48F7-9CAE-5329A800E783}"
EndProject
Project("{FAE04EC0-301F-11D3-BF4B-00C04F79EFBC}") = "AnalysisModelInterface", "AnalysisModelInterface\AnalysisModelInterface.csproj", "{82B0B56E-B006-49CF-BD67-7C1B2990D815}"
EndProject
Project("{FAE04EC0-301F-11D3-BF4B-00C04F79EFBC}") = "SQLiteHelper", "SQLiteHelper\SQLiteHelper.csproj", "{9CFFB0D3-AB9E-4E99-BB21-60CB5BF008CB}"
EndProject
Global
	GlobalSection(SolutionConfigurationPlatforms) = preSolution
		Debug|Any CPU = Debug|Any CPU
		Release|Any CPU = Release|Any CPU
	EndGlobalSection
	GlobalSection(ProjectConfigurationPlatforms) = postSolution
		{D2240DDE-8D1D-4E42-8924-3FC9EED9A399}.Debug|Any CPU.ActiveCfg = Debug|Any CPU
		{D2240DDE-8D1D-4E42-8924-3FC9EED9A399}.Debug|Any CPU.Build.0 = Debug|Any CPU
		{D2240DDE-8D1D-4E42-8924-3FC9EED9A399}.Release|Any CPU.ActiveCfg = Release|Any CPU
		{D2240DDE-8D1D-4E42-8924-3FC9EED9A399}.Release|Any CPU.Build.0 = Release|Any CPU
		{51E482B0-E834-48E7-86C8-56E5DCDDE2CD}.Debug|Any CPU.ActiveCfg = Debug|Any CPU
		{51E482B0-E834-48E7-86C8-56E5DCDDE2CD}.Debug|Any CPU.Build.0 = Debug|Any CPU
		{51E482B0-E834-48E7-86C8-56E5DCDDE2CD}.Release|Any CPU.ActiveCfg = Release|Any CPU
		{51E482B0-E834-48E7-86C8-56E5DCDDE2CD}.Release|Any CPU.Build.0 = Release|Any CPU
		{429BAFC8-F897-40E7-AE62-296E2945354E}.Debug|Any CPU.ActiveCfg = Debug|Any CPU
		{429BAFC8-F897-40E7-AE62-296E2945354E}.Debug|Any CPU.Build.0 = Debug|Any CPU
		{429BAFC8-F897-40E7-AE62-296E2945354E}.Release|Any CPU.ActiveCfg = Release|Any CPU
		{429BAFC8-F897-40E7-AE62-296E2945354E}.Release|Any CPU.Build.0 = Release|Any CPU
		{FC6D7860-D63A-48F7-9CAE-5329A800E783}.Debug|Any CPU.ActiveCfg = Debug|Any CPU
		{FC6D7860-D63A-48F7-9CAE-5329A800E783}.Debug|Any CPU.Build.0 = Debug|Any CPU
		{FC6D7860-D63A-48F7-9CAE-5329A800E783}.Release|Any CPU.ActiveCfg = Release|Any CPU
		{FC6D7860-D63A-48F7-9CAE-5329A800E783}.Release|Any CPU.Build.0 = Release|Any CPU
		{82B0B56E-B006-49CF-BD67-7C1B2990D815}.Debug|Any CPU.ActiveCfg = Debug|Any CPU
		{82B0B56E-B006-49CF-BD67-7C1B2990D815}.Debug|Any CPU.Build.0 = Debug|Any CPU
		{82B0B56E-B006-49CF-BD67-7C1B2990D815}.Release|Any CPU.ActiveCfg = Release|Any CPU
		{82B0B56E-B006-49CF-BD67-7C1B2990D815}.Release|Any CPU.Build.0 = Release|Any CPU
		{9CFFB0D3-AB9E-4E99-BB21-60CB5BF008CB}.Debug|Any CPU.ActiveCfg = Debug|Any CPU
		{9CFFB0D3-AB9E-4E99-BB21-60CB5BF008CB}.Debug|Any CPU.Build.0 = Debug|Any CPU
		{9CFFB0D3-AB9E-4E99-BB21-60CB5BF008CB}.Release|Any CPU.ActiveCfg = Release|Any CPU
		{9CFFB0D3-AB9E-4E99-BB21-60CB5BF008CB}.Release|Any CPU.Build.0 = Release|Any CPU
	EndGlobalSection
	GlobalSection(SolutionProperties) = preSolution
		HideSolutionNode = FALSE
	EndGlobalSection
EndGlobal
