
Microsoft Visual Studio Solution File, Format Version 12.00
# Visual Studio 14
VisualStudioVersion = 14.0.24720.0
MinimumVisualStudioVersion = 10.0.40219.1
Project("{FAE04EC0-301F-11D3-BF4B-00C04F79EFBC}") = "ComicWorm", "ComicWorm\ComicWorm.csproj", "{D2240DDE-8D1D-4E42-8924-3FC9EED9A399}"
EndProject
Project("{FAE04EC0-301F-11D3-BF4B-00C04F79EFBC}") = "ComicWormCore", "ComicWormCore\ComicWormCore.csproj", "{51E482B0-E834-48E7-86C8-56E5DCDDE2CD}"
EndProject
Global
	GlobalSection(SolutionConfigurationPlatforms) = preSolution
		Debug|Any CPU = Debug|Any CPU
		Release|Any CPU = Release|Any CPU
	EndGlobalSection
	GlobalSection(ProjectConfigurationPlatforms) = postSolution
		{D2240DDE-8D1D-4E42-8924-3FC9EED9A399}.Debug|Any CPU.ActiveCfg = Debug|Any CPU
		{D2240DDE-8D1D-4E42-8924-3FC9EED9A399}.Debug|Any CPU.Build.0 = Debug|Any CPU
		{D2240DDE-8D1D-4E42-8924-3FC9EED9A399}.Release|Any CPU.ActiveCfg = Release|Any CPU
		{D2240DDE-8D1D-4E42-8924-3FC9EED9A399}.Release|Any CPU.Build.0 = Release|Any CPU
		{51E482B0-E834-48E7-86C8-56E5DCDDE2CD}.Debug|Any CPU.ActiveCfg = Debug|Any CPU
		{51E482B0-E834-48E7-86C8-56E5DCDDE2CD}.Debug|Any CPU.Build.0 = Debug|Any CPU
		{51E482B0-E834-48E7-86C8-56E5DCDDE2CD}.Release|Any CPU.ActiveCfg = Release|Any CPU
		{51E482B0-E834-48E7-86C8-56E5DCDDE2CD}.Release|Any CPU.Build.0 = Release|Any CPU
	EndGlobalSection
	GlobalSection(SolutionProperties) = preSolution
		HideSolutionNode = FALSE
	EndGlobalSection
EndGlobal
